// !$*UTF8*$!
{
	archiveVersion = 1;
	classes = {
	};
	objectVersion = 56;
	objects = {

/* Begin PBXBuildFile section */
		161321C92BAC52AE00DEC595 /* AppDelegate.swift in Sources */ = {isa = PBXBuildFile; fileRef = 161321C82BAC52AE00DEC595 /* AppDelegate.swift */; };
		161321CB2BAC52AE00DEC595 /* SceneDelegate.swift in Sources */ = {isa = PBXBuildFile; fileRef = 161321CA2BAC52AE00DEC595 /* SceneDelegate.swift */; };
		161321CD2BAC52AE00DEC595 /* ViewController.swift in Sources */ = {isa = PBXBuildFile; fileRef = 161321CC2BAC52AE00DEC595 /* ViewController.swift */; };
		161321D02BAC52AE00DEC595 /* Base in Resources */ = {isa = PBXBuildFile; fileRef = 161321CF2BAC52AE00DEC595 /* Base */; };
		161321D22BAC52AF00DEC595 /* Assets.xcassets in Resources */ = {isa = PBXBuildFile; fileRef = 161321D12BAC52AF00DEC595 /* Assets.xcassets */; };
		161321D52BAC52AF00DEC595 /* Base in Resources */ = {isa = PBXBuildFile; fileRef = 161321D42BAC52AF00DEC595 /* Base */; };
		161321E02BAC568300DEC595 /* Person.swift in Sources */ = {isa = PBXBuildFile; fileRef = 161321DF2BAC568300DEC595 /* Person.swift */; };
		161321E32BAC571E00DEC595 /* DataStore.swift in Sources */ = {isa = PBXBuildFile; fileRef = 161321E22BAC571E00DEC595 /* DataStore.swift */; };
/* End PBXBuildFile section */

/* Begin PBXFileReference section */
		161321C52BAC52AE00DEC595 /* HMContactList.app */ = {isa = PBXFileReference; explicitFileType = wrapper.application; includeInIndex = 0; path = HMContactList.app; sourceTree = BUILT_PRODUCTS_DIR; };
		161321C82BAC52AE00DEC595 /* AppDelegate.swift */ = {isa = PBXFileReference; lastKnownFileType = sourcecode.swift; path = AppDelegate.swift; sourceTree = "<group>"; };
		161321CA2BAC52AE00DEC595 /* SceneDelegate.swift */ = {isa = PBXFileReference; lastKnownFileType = sourcecode.swift; path = SceneDelegate.swift; sourceTree = "<group>"; };
		161321CC2BAC52AE00DEC595 /* ViewController.swift */ = {isa = PBXFileReference; lastKnownFileType = sourcecode.swift; path = ViewController.swift; sourceTree = "<group>"; };
		161321CF2BAC52AE00DEC595 /* Base */ = {isa = PBXFileReference; lastKnownFileType = file.storyboard; name = Base; path = Base.lproj/Main.storyboard; sourceTree = "<group>"; };
		161321D12BAC52AF00DEC595 /* Assets.xcassets */ = {isa = PBXFileReference; lastKnownFileType = folder.assetcatalog; path = Assets.xcassets; sourceTree = "<group>"; };
		161321D42BAC52AF00DEC595 /* Base */ = {isa = PBXFileReference; lastKnownFileType = file.storyboard; name = Base; path = Base.lproj/LaunchScreen.storyboard; sourceTree = "<group>"; };
		161321D62BAC52AF00DEC595 /* Info.plist */ = {isa = PBXFileReference; lastKnownFileType = text.plist.xml; path = Info.plist; sourceTree = "<group>"; };
		161321DF2BAC568300DEC595 /* Person.swift */ = {isa = PBXFileReference; lastKnownFileType = sourcecode.swift; path = Person.swift; sourceTree = "<group>"; };
		161321E22BAC571E00DEC595 /* DataStore.swift */ = {isa = PBXFileReference; lastKnownFileType = sourcecode.swift; path = DataStore.swift; sourceTree = "<group>"; };
/* End PBXFileReference section */

/* Begin PBXFrameworksBuildPhase section */
		161321C22BAC52AE00DEC595 /* Frameworks */ = {
			isa = PBXFrameworksBuildPhase;
			buildActionMask = 2147483647;
			files = (
			);
			runOnlyForDeploymentPostprocessing = 0;
		};
/* End PBXFrameworksBuildPhase section */

/* Begin PBXGroup section */
		161321BC2BAC52AE00DEC595 = {
			isa = PBXGroup;
			children = (
				161321C72BAC52AE00DEC595 /* HMContactList */,
				161321C62BAC52AE00DEC595 /* Products */,
			);
			sourceTree = "<group>";
		};
		161321C62BAC52AE00DEC595 /* Products */ = {
			isa = PBXGroup;
			children = (
				161321C52BAC52AE00DEC595 /* HMContactList.app */,
			);
			name = Products;
			sourceTree = "<group>";
		};
		161321C72BAC52AE00DEC595 /* HMContactList */ = {
			isa = PBXGroup;
			children = (
				161321DD2BAC532500DEC595 /* App */,
				161321E42BAC572300DEC595 /* Services */,
				161321E12BAC568700DEC595 /* Models */,
				161321DE2BAC538C00DEC595 /* ViewControllers */,
				161321DC2BAC52D500DEC595 /* Storyboards */,
				161321D12BAC52AF00DEC595 /* Assets.xcassets */,
			);
			path = HMContactList;
			sourceTree = "<group>";
		};
		161321DC2BAC52D500DEC595 /* Storyboards */ = {
			isa = PBXGroup;
			children = (
				161321CE2BAC52AE00DEC595 /* Main.storyboard */,
				161321D32BAC52AF00DEC595 /* LaunchScreen.storyboard */,
			);
			path = Storyboards;
			sourceTree = "<group>";
		};
		161321DD2BAC532500DEC595 /* App */ = {
			isa = PBXGroup;
			children = (
				161321C82BAC52AE00DEC595 /* AppDelegate.swift */,
				161321CA2BAC52AE00DEC595 /* SceneDelegate.swift */,
				161321D62BAC52AF00DEC595 /* Info.plist */,
			);
			path = App;
			sourceTree = "<group>";
		};
		161321DE2BAC538C00DEC595 /* ViewControllers */ = {
			isa = PBXGroup;
			children = (
				161321CC2BAC52AE00DEC595 /* ViewController.swift */,
			);
			path = ViewControllers;
			sourceTree = "<group>";
		};
		161321E12BAC568700DEC595 /* Models */ = {
			isa = PBXGroup;
			children = (
				161321DF2BAC568300DEC595 /* Person.swift */,
			);
			path = Models;
			sourceTree = "<group>";
		};
		161321E42BAC572300DEC595 /* Services */ = {
			isa = PBXGroup;
			children = (
				161321E22BAC571E00DEC595 /* DataStore.swift */,
			);
			path = Services;
			sourceTree = "<group>";
		};
/* End PBXGroup section */

/* Begin PBXNativeTarget section */
		161321C42BAC52AE00DEC595 /* HMContactList */ = {
			isa = PBXNativeTarget;
			buildConfigurationList = 161321D92BAC52AF00DEC595 /* Build configuration list for PBXNativeTarget "HMContactList" */;
			buildPhases = (
				161321C12BAC52AE00DEC595 /* Sources */,
				161321C22BAC52AE00DEC595 /* Frameworks */,
				161321C32BAC52AE00DEC595 /* Resources */,
			);
			buildRules = (
			);
			dependencies = (
			);
			name = HMContactList;
			productName = HMContactList;
			productReference = 161321C52BAC52AE00DEC595 /* HMContactList.app */;
			productType = "com.apple.product-type.application";
		};
/* End PBXNativeTarget section */

/* Begin PBXProject section */
		161321BD2BAC52AE00DEC595 /* Project object */ = {
			isa = PBXProject;
			attributes = {
				BuildIndependentTargetsInParallel = 1;
				LastSwiftUpdateCheck = 1530;
				LastUpgradeCheck = 1530;
				TargetAttributes = {
					161321C42BAC52AE00DEC595 = {
						CreatedOnToolsVersion = 15.3;
					};
				};
			};
			buildConfigurationList = 161321C02BAC52AE00DEC595 /* Build configuration list for PBXProject "HMContactList" */;
			compatibilityVersion = "Xcode 14.0";
			developmentRegion = en;
			hasScannedForEncodings = 0;
			knownRegions = (
				en,
				Base,
			);
			mainGroup = 161321BC2BAC52AE00DEC595;
			productRefGroup = 161321C62BAC52AE00DEC595 /* Products */;
			projectDirPath = "";
			projectRoot = "";
			targets = (
				161321C42BAC52AE00DEC595 /* HMContactList */,
			);
		};
/* End PBXProject section */

/* Begin PBXResourcesBuildPhase section */
		161321C32BAC52AE00DEC595 /* Resources */ = {
			isa = PBXResourcesBuildPhase;
			buildActionMask = 2147483647;
			files = (
				161321D22BAC52AF00DEC595 /* Assets.xcassets in Resources */,
				161321D52BAC52AF00DEC595 /* Base in Resources */,
				161321D02BAC52AE00DEC595 /* Base in Resources */,
			);
			runOnlyForDeploymentPostprocessing = 0;
		};
/* End PBXResourcesBuildPhase section */

/* Begin PBXSourcesBuildPhase section */
		161321C12BAC52AE00DEC595 /* Sources */ = {
			isa = PBXSourcesBuildPhase;
			buildActionMask = 2147483647;
			files = (
				161321CD2BAC52AE00DEC595 /* ViewController.swift in Sources */,
				161321C92BAC52AE00DEC595 /* AppDelegate.swift in Sources */,
				161321E02BAC568300DEC595 /* Person.swift in Sources */,
				161321E32BAC571E00DEC595 /* DataStore.swift in Sources */,
				161321CB2BAC52AE00DEC595 /* SceneDelegate.swift in Sources */,
			);
			runOnlyForDeploymentPostprocessing = 0;
		};
/* End PBXSourcesBuildPhase section */

/* Begin PBXVariantGroup section */
		161321CE2BAC52AE00DEC595 /* Main.storyboard */ = {
			isa = PBXVariantGroup;
			children = (
				161321CF2BAC52AE00DEC595 /* Base */,
			);
			name = Main.storyboard;
			sourceTree = "<group>";
		};
		161321D32BAC52AF00DEC595 /* LaunchScreen.storyboard */ = {
			isa = PBXVariantGroup;
			children = (
				161321D42BAC52AF00DEC595 /* Base */,
			);
			name = LaunchScreen.storyboard;
			sourceTree = "<group>";
		};
/* End PBXVariantGroup section */

/* Begin XCBuildConfiguration section */
		161321D72BAC52AF00DEC595 /* Debug */ = {
			isa = XCBuildConfiguration;
			buildSettings = {
				ALWAYS_SEARCH_USER_PATHS = NO;
				ASSETCATALOG_COMPILER_GENERATE_SWIFT_ASSET_SYMBOL_EXTENSIONS = YES;
				CLANG_ANALYZER_NONNULL = YES;
				CLANG_ANALYZER_NUMBER_OBJECT_CONVERSION = YES_AGGRESSIVE;
				CLANG_CXX_LANGUAGE_STANDARD = "gnu++20";
				CLANG_ENABLE_MODULES = YES;
				CLANG_ENABLE_OBJC_ARC = YES;
				CLANG_ENABLE_OBJC_WEAK = YES;
				CLANG_WARN_BLOCK_CAPTURE_AUTORELEASING = YES;
				CLANG_WARN_BOOL_CONVERSION = YES;
				CLANG_WARN_COMMA = YES;
				CLANG_WARN_CONSTANT_CONVERSION = YES;
				CLANG_WARN_DEPRECATED_OBJC_IMPLEMENTATIONS = YES;
				CLANG_WARN_DIRECT_OBJC_ISA_USAGE = YES_ERROR;
				CLANG_WARN_DOCUMENTATION_COMMENTS = YES;
				CLANG_WARN_EMPTY_BODY = YES;
				CLANG_WARN_ENUM_CONVERSION = YES;
				CLANG_WARN_INFINITE_RECURSION = YES;
				CLANG_WARN_INT_CONVERSION = YES;
				CLANG_WARN_NON_LITERAL_NULL_CONVERSION = YES;
				CLANG_WARN_OBJC_IMPLICIT_RETAIN_SELF = YES;
				CLANG_WARN_OBJC_LITERAL_CONVERSION = YES;
				CLANG_WARN_OBJC_ROOT_CLASS = YES_ERROR;
				CLANG_WARN_QUOTED_INCLUDE_IN_FRAMEWORK_HEADER = YES;
				CLANG_WARN_RANGE_LOOP_ANALYSIS = YES;
				CLANG_WARN_STRICT_PROTOTYPES = YES;
				CLANG_WARN_SUSPICIOUS_MOVE = YES;
				CLANG_WARN_UNGUARDED_AVAILABILITY = YES_AGGRESSIVE;
				CLANG_WARN_UNREACHABLE_CODE = YES;
				CLANG_WARN__DUPLICATE_METHOD_MATCH = YES;
				COPY_PHASE_STRIP = NO;
				DEBUG_INFORMATION_FORMAT = dwarf;
				ENABLE_STRICT_OBJC_MSGSEND = YES;
				ENABLE_TESTABILITY = YES;
				ENABLE_USER_SCRIPT_SANDBOXING = YES;
				GCC_C_LANGUAGE_STANDARD = gnu17;
				GCC_DYNAMIC_NO_PIC = NO;
				GCC_NO_COMMON_BLOCKS = YES;
				GCC_OPTIMIZATION_LEVEL = 0;
				GCC_PREPROCESSOR_DEFINITIONS = (
					"DEBUG=1",
					"$(inherited)",
				);
				GCC_WARN_64_TO_32_BIT_CONVERSION = YES;
				GCC_WARN_ABOUT_RETURN_TYPE = YES_ERROR;
				GCC_WARN_UNDECLARED_SELECTOR = YES;
				GCC_WARN_UNINITIALIZED_AUTOS = YES_AGGRESSIVE;
				GCC_WARN_UNUSED_FUNCTION = YES;
				GCC_WARN_UNUSED_VARIABLE = YES;
				IPHONEOS_DEPLOYMENT_TARGET = 17.4;
				LOCALIZATION_PREFERS_STRING_CATALOGS = YES;
				MTL_ENABLE_DEBUG_INFO = INCLUDE_SOURCE;
				MTL_FAST_MATH = YES;
				ONLY_ACTIVE_ARCH = YES;
				SDKROOT = iphoneos;
				SWIFT_ACTIVE_COMPILATION_CONDITIONS = "DEBUG $(inherited)";
				SWIFT_OPTIMIZATION_LEVEL = "-Onone";
			};
			name = Debug;
		};
		161321D82BAC52AF00DEC595 /* Release */ = {
			isa = XCBuildConfiguration;
			buildSettings = {
				ALWAYS_SEARCH_USER_PATHS = NO;
				ASSETCATALOG_COMPILER_GENERATE_SWIFT_ASSET_SYMBOL_EXTENSIONS = YES;
				CLANG_ANALYZER_NONNULL = YES;
				CLANG_ANALYZER_NUMBER_OBJECT_CONVERSION = YES_AGGRESSIVE;
				CLANG_CXX_LANGUAGE_STANDARD = "gnu++20";
				CLANG_ENABLE_MODULES = YES;
				CLANG_ENABLE_OBJC_ARC = YES;
				CLANG_ENABLE_OBJC_WEAK = YES;
				CLANG_WARN_BLOCK_CAPTURE_AUTORELEASING = YES;
				CLANG_WARN_BOOL_CONVERSION = YES;
				CLANG_WARN_COMMA = YES;
				CLANG_WARN_CONSTANT_CONVERSION = YES;
				CLANG_WARN_DEPRECATED_OBJC_IMPLEMENTATIONS = YES;
				CLANG_WARN_DIRECT_OBJC_ISA_USAGE = YES_ERROR;
				CLANG_WARN_DOCUMENTATION_COMMENTS = YES;
				CLANG_WARN_EMPTY_BODY = YES;
				CLANG_WARN_ENUM_CONVERSION = YES;
				CLANG_WARN_INFINITE_RECURSION = YES;
				CLANG_WARN_INT_CONVERSION = YES;
				CLANG_WARN_NON_LITERAL_NULL_CONVERSION = YES;
				CLANG_WARN_OBJC_IMPLICIT_RETAIN_SELF = YES;
				CLANG_WARN_OBJC_LITERAL_CONVERSION = YES;
				CLANG_WARN_OBJC_ROOT_CLASS = YES_ERROR;
				CLANG_WARN_QUOTED_INCLUDE_IN_FRAMEWORK_HEADER = YES;
				CLANG_WARN_RANGE_LOOP_ANALYSIS = YES;
				CLANG_WARN_STRICT_PROTOTYPES = YES;
				CLANG_WARN_SUSPICIOUS_MOVE = YES;
				CLANG_WARN_UNGUARDED_AVAILABILITY = YES_AGGRESSIVE;
				CLANG_WARN_UNREACHABLE_CODE = YES;
				CLANG_WARN__DUPLICATE_METHOD_MATCH = YES;
				COPY_PHASE_STRIP = NO;
				DEBUG_INFORMATION_FORMAT = "dwarf-with-dsym";
				ENABLE_NS_ASSERTIONS = NO;
				ENABLE_STRICT_OBJC_MSGSEND = YES;
				ENABLE_USER_SCRIPT_SANDBOXING = YES;
				GCC_C_LANGUAGE_STANDARD = gnu17;
				GCC_NO_COMMON_BLOCKS = YES;
				GCC_WARN_64_TO_32_BIT_CONVERSION = YES;
				GCC_WARN_ABOUT_RETURN_TYPE = YES_ERROR;
				GCC_WARN_UNDECLARED_SELECTOR = YES;
				GCC_WARN_UNINITIALIZED_AUTOS = YES_AGGRESSIVE;
				GCC_WARN_UNUSED_FUNCTION = YES;
				GCC_WARN_UNUSED_VARIABLE = YES;
				IPHONEOS_DEPLOYMENT_TARGET = 17.4;
				LOCALIZATION_PREFERS_STRING_CATALOGS = YES;
				MTL_ENABLE_DEBUG_INFO = NO;
				MTL_FAST_MATH = YES;
				SDKROOT = iphoneos;
				SWIFT_COMPILATION_MODE = wholemodule;
				VALIDATE_PRODUCT = YES;
			};
			name = Release;
		};
		161321DA2BAC52AF00DEC595 /* Debug */ = {
			isa = XCBuildConfiguration;
			buildSettings = {
				ASSETCATALOG_COMPILER_APPICON_NAME = AppIcon;
				ASSETCATALOG_COMPILER_GLOBAL_ACCENT_COLOR_NAME = AccentColor;
				CODE_SIGN_STYLE = Automatic;
				CURRENT_PROJECT_VERSION = 1;
				DEVELOPMENT_TEAM = HWS2FMP8MU;
				GENERATE_INFOPLIST_FILE = YES;
				INFOPLIST_FILE = HMContactList/App/Info.plist;
				INFOPLIST_KEY_UIApplicationSupportsIndirectInputEvents = YES;
				INFOPLIST_KEY_UILaunchStoryboardName = LaunchScreen;
				INFOPLIST_KEY_UIMainStoryboardFile = Main;
				INFOPLIST_KEY_UISupportedInterfaceOrientations_iPad = "UIInterfaceOrientationPortrait UIInterfaceOrientationPortraitUpsideDown UIInterfaceOrientationLandscapeLeft UIInterfaceOrientationLandscapeRight";
				INFOPLIST_KEY_UISupportedInterfaceOrientations_iPhone = "UIInterfaceOrientationPortrait UIInterfaceOrientationLandscapeLeft UIInterfaceOrientationLandscapeRight";
				IPHONEOS_DEPLOYMENT_TARGET = 17.4;
				LD_RUNPATH_SEARCH_PATHS = (
					"$(inherited)",
					"@executable_path/Frameworks",
				);
				MARKETING_VERSION = 1.0;
				PRODUCT_BUNDLE_IDENTIFIER = Matthew.HMContactList;
				PRODUCT_NAME = "$(TARGET_NAME)";
				SUPPORTED_PLATFORMS = "iphoneos iphonesimulator";
				SUPPORTS_MACCATALYST = NO;
				SUPPORTS_MAC_DESIGNED_FOR_IPHONE_IPAD = NO;
				SUPPORTS_XR_DESIGNED_FOR_IPHONE_IPAD = NO;
				SWIFT_EMIT_LOC_STRINGS = YES;
				SWIFT_VERSION = 5.0;
				TARGETED_DEVICE_FAMILY = 1;
			};
			name = Debug;
		};
		161321DB2BAC52AF00DEC595 /* Release */ = {
			isa = XCBuildConfiguration;
			buildSettings = {
				ASSETCATALOG_COMPILER_APPICON_NAME = AppIcon;
				ASSETCATALOG_COMPILER_GLOBAL_ACCENT_COLOR_NAME = AccentColor;
				CODE_SIGN_STYLE = Automatic;
				CURRENT_PROJECT_VERSION = 1;
				DEVELOPMENT_TEAM = HWS2FMP8MU;
				GENERATE_INFOPLIST_FILE = YES;
				INFOPLIST_FILE = HMContactList/App/Info.plist;
				INFOPLIST_KEY_UIApplicationSupportsIndirectInputEvents = YES;
				INFOPLIST_KEY_UILaunchStoryboardName = LaunchScreen;
				INFOPLIST_KEY_UIMainStoryboardFile = Main;
				INFOPLIST_KEY_UISupportedInterfaceOrientations_iPad = "UIInterfaceOrientationPortrait UIInterfaceOrientationPortraitUpsideDown UIInterfaceOrientationLandscapeLeft UIInterfaceOrientationLandscapeRight";
				INFOPLIST_KEY_UISupportedInterfaceOrientations_iPhone = "UIInterfaceOrientationPortrait UIInterfaceOrientationLandscapeLeft UIInterfaceOrientationLandscapeRight";
				IPHONEOS_DEPLOYMENT_TARGET = 17.4;
				LD_RUNPATH_SEARCH_PATHS = (
					"$(inherited)",
					"@executable_path/Frameworks",
				);
				MARKETING_VERSION = 1.0;
				PRODUCT_BUNDLE_IDENTIFIER = Matthew.HMContactList;
				PRODUCT_NAME = "$(TARGET_NAME)";
				SUPPORTED_PLATFORMS = "iphoneos iphonesimulator";
				SUPPORTS_MACCATALYST = NO;
				SUPPORTS_MAC_DESIGNED_FOR_IPHONE_IPAD = NO;
				SUPPORTS_XR_DESIGNED_FOR_IPHONE_IPAD = NO;
				SWIFT_EMIT_LOC_STRINGS = YES;
				SWIFT_VERSION = 5.0;
				TARGETED_DEVICE_FAMILY = 1;
			};
			name = Release;
		};
/* End XCBuildConfiguration section */

/* Begin XCConfigurationList section */
		161321C02BAC52AE00DEC595 /* Build configuration list for PBXProject "HMContactList" */ = {
			isa = XCConfigurationList;
			buildConfigurations = (
				161321D72BAC52AF00DEC595 /* Debug */,
				161321D82BAC52AF00DEC595 /* Release */,
			);
			defaultConfigurationIsVisible = 0;
			defaultConfigurationName = Release;
		};
		161321D92BAC52AF00DEC595 /* Build configuration list for PBXNativeTarget "HMContactList" */ = {
			isa = XCConfigurationList;
			buildConfigurations = (
				161321DA2BAC52AF00DEC595 /* Debug */,
				161321DB2BAC52AF00DEC595 /* Release */,
			);
			defaultConfigurationIsVisible = 0;
			defaultConfigurationName = Release;
		};
/* End XCConfigurationList section */
	};
	rootObject = 161321BD2BAC52AE00DEC595 /* Project object */;
}
